// !$*UTF8*$!
{
	archiveVersion = 1;
	classes = {
	};
	objectVersion = 50;
	objects = {

/* Begin PBXBuildFile section */
		AC49A572224D4427004ECD04 /* AppDelegate.swift in Sources */ = {isa = PBXBuildFile; fileRef = AC49A571224D4427004ECD04 /* AppDelegate.swift */; };
		AC49A574224D4427004ECD04 /* ViewController.swift in Sources */ = {isa = PBXBuildFile; fileRef = AC49A573224D4427004ECD04 /* ViewController.swift */; };
		AC49A577224D4427004ECD04 /* Main.storyboard in Resources */ = {isa = PBXBuildFile; fileRef = AC49A575224D4427004ECD04 /* Main.storyboard */; };
		AC49A579224D442A004ECD04 /* Assets.xcassets in Resources */ = {isa = PBXBuildFile; fileRef = AC49A578224D442A004ECD04 /* Assets.xcassets */; };
		AC49A57C224D442A004ECD04 /* LaunchScreen.storyboard in Resources */ = {isa = PBXBuildFile; fileRef = AC49A57A224D442A004ECD04 /* LaunchScreen.storyboard */; };
		AC49A584224D44B7004ECD04 /* MyViewController.swift in Sources */ = {isa = PBXBuildFile; fileRef = AC49A583224D44B7004ECD04 /* MyViewController.swift */; };
/* End PBXBuildFile section */

/* Begin PBXFileReference section */
		AC49A56E224D4427004ECD04 /* UIPageViewControllerOnlyCode.app */ = {isa = PBXFileReference; explicitFileType = wrapper.application; includeInIndex = 0; path = UIPageViewControllerOnlyCode.app; sourceTree = BUILT_PRODUCTS_DIR; };
		AC49A571224D4427004ECD04 /* AppDelegate.swift */ = {isa = PBXFileReference; lastKnownFileType = sourcecode.swift; path = AppDelegate.swift; sourceTree = "<group>"; };
		AC49A573224D4427004ECD04 /* ViewController.swift */ = {isa = PBXFileReference; lastKnownFileType = sourcecode.swift; path = ViewController.swift; sourceTree = "<group>"; };
		AC49A576224D4427004ECD04 /* Base */ = {isa = PBXFileReference; lastKnownFileType = file.storyboard; name = Base; path = Base.lproj/Main.storyboard; sourceTree = "<group>"; };
		AC49A578224D442A004ECD04 /* Assets.xcassets */ = {isa = PBXFileReference; lastKnownFileType = folder.assetcatalog; path = Assets.xcassets; sourceTree = "<group>"; };
		AC49A57B224D442A004ECD04 /* Base */ = {isa = PBXFileReference; lastKnownFileType = file.storyboard; name = Base; path = Base.lproj/LaunchScreen.storyboard; sourceTree = "<group>"; };
		AC49A57D224D442A004ECD04 /* Info.plist */ = {isa = PBXFileReference; lastKnownFileType = text.plist.xml; path = Info.plist; sourceTree = "<group>"; };
		AC49A583224D44B7004ECD04 /* MyViewController.swift */ = {isa = PBXFileReference; lastKnownFileType = sourcecode.swift; path = MyViewController.swift; sourceTree = "<group>"; };
/* End PBXFileReference section */

/* Begin PBXFrameworksBuildPhase section */
		AC49A56B224D4427004ECD04 /* Frameworks */ = {
			isa = PBXFrameworksBuildPhase;
			buildActionMask = 2147483647;
			files = (
			);
			runOnlyForDeploymentPostprocessing = 0;
		};
/* End PBXFrameworksBuildPhase section */

/* Begin PBXGroup section */
		AC49A565224D4427004ECD04 = {
			isa = PBXGroup;
			children = (
				AC49A570224D4427004ECD04 /* UIPageViewControllerOnlyCode */,
				AC49A56F224D4427004ECD04 /* Products */,
			);
			sourceTree = "<group>";
		};
		AC49A56F224D4427004ECD04 /* Products */ = {
			isa = PBXGroup;
			children = (
				AC49A56E224D4427004ECD04 /* UIPageViewControllerOnlyCode.app */,
			);
			name = Products;
			sourceTree = "<group>";
		};
		AC49A570224D4427004ECD04 /* UIPageViewControllerOnlyCode */ = {
			isa = PBXGroup;
			children = (
				AC49A571224D4427004ECD04 /* AppDelegate.swift */,
				AC49A573224D4427004ECD04 /* ViewController.swift */,
				AC49A575224D4427004ECD04 /* Main.storyboard */,
				AC49A583224D44B7004ECD04 /* MyViewController.swift */,
				AC49A578224D442A004ECD04 /* Assets.xcassets */,
				AC49A57A224D442A004ECD04 /* LaunchScreen.storyboard */,
				AC49A57D224D442A004ECD04 /* Info.plist */,
			);
			path = UIPageViewControllerOnlyCode;
			sourceTree = "<group>";
		};
/* End PBXGroup section */

/* Begin PBXNativeTarget section */
		AC49A56D224D4427004ECD04 /* UIPageViewControllerOnlyCode */ = {
			isa = PBXNativeTarget;
			buildConfigurationList = AC49A580224D442A004ECD04 /* Build configuration list for PBXNativeTarget "UIPageViewControllerOnlyCode" */;
			buildPhases = (
				AC49A56A224D4427004ECD04 /* Sources */,
				AC49A56B224D4427004ECD04 /* Frameworks */,
				AC49A56C224D4427004ECD04 /* Resources */,
			);
			buildRules = (
			);
			dependencies = (
			);
			name = UIPageViewControllerOnlyCode;
			productName = UIPageViewControllerOnlyCode;
			productReference = AC49A56E224D4427004ECD04 /* UIPageViewControllerOnlyCode.app */;
			productType = "com.apple.product-type.application";
		};
/* End PBXNativeTarget section */

/* Begin PBXProject section */
		AC49A566224D4427004ECD04 /* Project object */ = {
			isa = PBXProject;
			attributes = {
				LastSwiftUpdateCheck = 1020;
				LastUpgradeCheck = 1020;
				ORGANIZATIONNAME = "Артем";
				TargetAttributes = {
					AC49A56D224D4427004ECD04 = {
						CreatedOnToolsVersion = 10.2;
					};
				};
			};
			buildConfigurationList = AC49A569224D4427004ECD04 /* Build configuration list for PBXProject "UIPageViewControllerOnlyCode" */;
			compatibilityVersion = "Xcode 9.3";
			developmentRegion = en;
			hasScannedForEncodings = 0;
			knownRegions = (
				en,
				Base,
			);
			mainGroup = AC49A565224D4427004ECD04;
			productRefGroup = AC49A56F224D4427004ECD04 /* Products */;
			projectDirPath = "";
			projectRoot = "";
			targets = (
				AC49A56D224D4427004ECD04 /* UIPageViewControllerOnlyCode */,
			);
		};
/* End PBXProject section */

/* Begin PBXResourcesBuildPhase section */
		AC49A56C224D4427004ECD04 /* Resources */ = {
			isa = PBXResourcesBuildPhase;
			buildActionMask = 2147483647;
			files = (
				AC49A57C224D442A004ECD04 /* LaunchScreen.storyboard in Resources */,
				AC49A579224D442A004ECD04 /* Assets.xcassets in Resources */,
				AC49A577224D4427004ECD04 /* Main.storyboard in Resources */,
			);
			runOnlyForDeploymentPostprocessing = 0;
		};
/* End PBXResourcesBuildPhase section */

/* Begin PBXSourcesBuildPhase section */
		AC49A56A224D4427004ECD04 /* Sources */ = {
			isa = PBXSourcesBuildPhase;
			buildActionMask = 2147483647;
			files = (
				AC49A574224D4427004ECD04 /* ViewController.swift in Sources */,
				AC49A584224D44B7004ECD04 /* MyViewController.swift in Sources */,
				AC49A572224D4427004ECD04 /* AppDelegate.swift in Sources */,
			);
			runOnlyForDeploymentPostprocessing = 0;
		};
/* End PBXSourcesBuildPhase section */

/* Begin PBXVariantGroup section */
		AC49A575224D4427004ECD04 /* Main.storyboard */ = {
			isa = PBXVariantGroup;
			children = (
				AC49A576224D4427004ECD04 /* Base */,
			);
			name = Main.storyboard;
			sourceTree = "<group>";
		};
		AC49A57A224D442A004ECD04 /* LaunchScreen.storyboard */ = {
			isa = PBXVariantGroup;
			children = (
				AC49A57B224D442A004ECD04 /* Base */,
			);
			name = LaunchScreen.storyboard;
			sourceTree = "<group>";
		};
/* End PBXVariantGroup section */

/* Begin XCBuildConfiguration section */
		AC49A57E224D442A004ECD04 /* Debug */ = {
			isa = XCBuildConfiguration;
			buildSettings = {
				ALWAYS_SEARCH_USER_PATHS = NO;
				CLANG_ANALYZER_NONNULL = YES;
				CLANG_ANALYZER_NUMBER_OBJECT_CONVERSION = YES_AGGRESSIVE;
				CLANG_CXX_LANGUAGE_STANDARD = "gnu++14";
				CLANG_CXX_LIBRARY = "libc++";
				CLANG_ENABLE_MODULES = YES;
				CLANG_ENABLE_OBJC_ARC = YES;
				CLANG_ENABLE_OBJC_WEAK = YES;
				CLANG_WARN_BLOCK_CAPTURE_AUTORELEASING = YES;
				CLANG_WARN_BOOL_CONVERSION = YES;
				CLANG_WARN_COMMA = YES;
				CLANG_WARN_CONSTANT_CONVERSION = YES;
				CLANG_WARN_DEPRECATED_OBJC_IMPLEMENTATIONS = YES;
				CLANG_WARN_DIRECT_OBJC_ISA_USAGE = YES_ERROR;
				CLANG_WARN_DOCUMENTATION_COMMENTS = YES;
				CLANG_WARN_EMPTY_BODY = YES;
				CLANG_WARN_ENUM_CONVERSION = YES;
				CLANG_WARN_INFINITE_RECURSION = YES;
				CLANG_WARN_INT_CONVERSION = YES;
				CLANG_WARN_NON_LITERAL_NULL_CONVERSION = YES;
				CLANG_WARN_OBJC_IMPLICIT_RETAIN_SELF = YES;
				CLANG_WARN_OBJC_LITERAL_CONVERSION = YES;
				CLANG_WARN_OBJC_ROOT_CLASS = YES_ERROR;
				CLANG_WARN_RANGE_LOOP_ANALYSIS = YES;
				CLANG_WARN_STRICT_PROTOTYPES = YES;
				CLANG_WARN_SUSPICIOUS_MOVE = YES;
				CLANG_WARN_UNGUARDED_AVAILABILITY = YES_AGGRESSIVE;
				CLANG_WARN_UNREACHABLE_CODE = YES;
				CLANG_WARN__DUPLICATE_METHOD_MATCH = YES;
				CODE_SIGN_IDENTITY = "iPhone Developer";
				COPY_PHASE_STRIP = NO;
				DEBUG_INFORMATION_FORMAT = dwarf;
				ENABLE_STRICT_OBJC_MSGSEND = YES;
				ENABLE_TESTABILITY = YES;
				GCC_C_LANGUAGE_STANDARD = gnu11;
				GCC_DYNAMIC_NO_PIC = NO;
				GCC_NO_COMMON_BLOCKS = YES;
				GCC_OPTIMIZATION_LEVEL = 0;
				GCC_PREPROCESSOR_DEFINITIONS = (
					"DEBUG=1",
					"$(inherited)",
				);
				GCC_WARN_64_TO_32_BIT_CONVERSION = YES;
				GCC_WARN_ABOUT_RETURN_TYPE = YES_ERROR;
				GCC_WARN_UNDECLARED_SELECTOR = YES;
				GCC_WARN_UNINITIALIZED_AUTOS = YES_AGGRESSIVE;
				GCC_WARN_UNUSED_FUNCTION = YES;
				GCC_WARN_UNUSED_VARIABLE = YES;
				IPHONEOS_DEPLOYMENT_TARGET = 12.2;
				MTL_ENABLE_DEBUG_INFO = INCLUDE_SOURCE;
				MTL_FAST_MATH = YES;
				ONLY_ACTIVE_ARCH = YES;
				SDKROOT = iphoneos;
				SWIFT_ACTIVE_COMPILATION_CONDITIONS = DEBUG;
				SWIFT_OPTIMIZATION_LEVEL = "-Onone";
			};
			name = Debug;
		};
		AC49A57F224D442A004ECD04 /* Release */ = {
			isa = XCBuildConfiguration;
			buildSettings = {
				ALWAYS_SEARCH_USER_PATHS = NO;
				CLANG_ANALYZER_NONNULL = YES;
				CLANG_ANALYZER_NUMBER_OBJECT_CONVERSION = YES_AGGRESSIVE;
				CLANG_CXX_LANGUAGE_STANDARD = "gnu++14";
				CLANG_CXX_LIBRARY = "libc++";
				CLANG_ENABLE_MODULES = YES;
				CLANG_ENABLE_OBJC_ARC = YES;
				CLANG_ENABLE_OBJC_WEAK = YES;
				CLANG_WARN_BLOCK_CAPTURE_AUTORELEASING = YES;
				CLANG_WARN_BOOL_CONVERSION = YES;
				CLANG_WARN_COMMA = YES;
				CLANG_WARN_CONSTANT_CONVERSION = YES;
				CLANG_WARN_DEPRECATED_OBJC_IMPLEMENTATIONS = YES;
				CLANG_WARN_DIRECT_OBJC_ISA_USAGE = YES_ERROR;
				CLANG_WARN_DOCUMENTATION_COMMENTS = YES;
				CLANG_WARN_EMPTY_BODY = YES;
				CLANG_WARN_ENUM_CONVERSION = YES;
				CLANG_WARN_INFINITE_RECURSION = YES;
				CLANG_WARN_INT_CONVERSION = YES;
				CLANG_WARN_NON_LITERAL_NULL_CONVERSION = YES;
				CLANG_WARN_OBJC_IMPLICIT_RETAIN_SELF = YES;
				CLANG_WARN_OBJC_LITERAL_CONVERSION = YES;
				CLANG_WARN_OBJC_ROOT_CLASS = YES_ERROR;
				CLANG_WARN_RANGE_LOOP_ANALYSIS = YES;
				CLANG_WARN_STRICT_PROTOTYPES = YES;
				CLANG_WARN_SUSPICIOUS_MOVE = YES;
				CLANG_WARN_UNGUARDED_AVAILABILITY = YES_AGGRESSIVE;
				CLANG_WARN_UNREACHABLE_CODE = YES;
				CLANG_WARN__DUPLICATE_METHOD_MATCH = YES;
				CODE_SIGN_IDENTITY = "iPhone Developer";
				COPY_PHASE_STRIP = NO;
				DEBUG_INFORMATION_FORMAT = "dwarf-with-dsym";
				ENABLE_NS_ASSERTIONS = NO;
				ENABLE_STRICT_OBJC_MSGSEND = YES;
				GCC_C_LANGUAGE_STANDARD = gnu11;
				GCC_NO_COMMON_BLOCKS = YES;
				GCC_WARN_64_TO_32_BIT_CONVERSION = YES;
				GCC_WARN_ABOUT_RETURN_TYPE = YES_ERROR;
				GCC_WARN_UNDECLARED_SELECTOR = YES;
				GCC_WARN_UNINITIALIZED_AUTOS = YES_AGGRESSIVE;
				GCC_WARN_UNUSED_FUNCTION = YES;
				GCC_WARN_UNUSED_VARIABLE = YES;
				IPHONEOS_DEPLOYMENT_TARGET = 12.2;
				MTL_ENABLE_DEBUG_INFO = NO;
				MTL_FAST_MATH = YES;
				SDKROOT = iphoneos;
				SWIFT_COMPILATION_MODE = wholemodule;
				SWIFT_OPTIMIZATION_LEVEL = "-O";
				VALIDATE_PRODUCT = YES;
			};
			name = Release;
		};
		AC49A581224D442A004ECD04 /* Debug */ = {
			isa = XCBuildConfiguration;
			buildSettings = {
				ASSETCATALOG_COMPILER_APPICON_NAME = AppIcon;
				CODE_SIGN_STYLE = Automatic;
				DEVELOPMENT_TEAM = SP8ZAT56L5;
				INFOPLIST_FILE = UIPageViewControllerOnlyCode/Info.plist;
				IPHONEOS_DEPLOYMENT_TARGET = 12.1;
				LD_RUNPATH_SEARCH_PATHS = (
					"$(inherited)",
					"@executable_path/Frameworks",
				);
				PRODUCT_BUNDLE_IDENTIFIER = Art.UIPageViewControllerOnlyCode;
				PRODUCT_NAME = "$(TARGET_NAME)";
				SWIFT_VERSION = 5.0;
				TARGETED_DEVICE_FAMILY = "1,2";
			};
			name = Debug;
		};
		AC49A582224D442A004ECD04 /* Release */ = {
			isa = XCBuildConfiguration;
			buildSettings = {
				ASSETCATALOG_COMPILER_APPICON_NAME = AppIcon;
				CODE_SIGN_STYLE = Automatic;
				DEVELOPMENT_TEAM = SP8ZAT56L5;
				INFOPLIST_FILE = UIPageViewControllerOnlyCode/Info.plist;
				IPHONEOS_DEPLOYMENT_TARGET = 12.1;
				LD_RUNPATH_SEARCH_PATHS = (
					"$(inherited)",
					"@executable_path/Frameworks",
				);
				PRODUCT_BUNDLE_IDENTIFIER = Art.UIPageViewControllerOnlyCode;
				PRODUCT_NAME = "$(TARGET_NAME)";
				SWIFT_VERSION = 5.0;
				TARGETED_DEVICE_FAMILY = "1,2";
			};
			name = Release;
		};
/* End XCBuildConfiguration section */

/* Begin XCConfigurationList section */
		AC49A569224D4427004ECD04 /* Build configuration list for PBXProject "UIPageViewControllerOnlyCode" */ = {
			isa = XCConfigurationList;
			buildConfigurations = (
				AC49A57E224D442A004ECD04 /* Debug */,
				AC49A57F224D442A004ECD04 /* Release */,
			);
			defaultConfigurationIsVisible = 0;
			defaultConfigurationName = Release;
		};
		AC49A580224D442A004ECD04 /* Build configuration list for PBXNativeTarget "UIPageViewControllerOnlyCode" */ = {
			isa = XCConfigurationList;
			buildConfigurations = (
				AC49A581224D442A004ECD04 /* Debug */,
				AC49A582224D442A004ECD04 /* Release */,
			);
			defaultConfigurationIsVisible = 0;
			defaultConfigurationName = Release;
		};
/* End XCConfigurationList section */
	};
	rootObject = AC49A566224D4427004ECD04 /* Project object */;
}
